{
  "name": "mqttproject",
  "version": "1.0.0",
  "lockfileVersion": 3,
  "requires": true,
  "packages": {
    "": {
      "name": "mqttproject",
      "version": "1.0.0",
      "license": "ISC",
      "dependencies": {
        "gcoord": "^1.0.6",
        "mqttproject": "file:"
      }
    },
    "node_modules/gcoord": {
      "version": "1.0.6",
      "resolved": "https://registry.npmjs.org/gcoord/-/gcoord-1.0.6.tgz",
      "integrity": "sha512-Z+uyWrD2BTWmJOUvAdEAZQdQIVA5MFwUu7P5BfBdQEpLiVAsNw9mZF3/QbDJ4ZbfcJEnFKgHXOgUFXo5r/aVPg==",
      "license": "MIT",
      "engines": {
        "node": ">=16.11.0"
      }
    },
    "node_modules/mqttproject": {
      "resolved": "",
      "link": true
    }
  }
}
